// !$*UTF8*$!
{
	archiveVersion = 1;
	classes = {
	};
	objectVersion = 46;
	objects = {

/* Begin PBXBuildFile section */
		2B2E23F81FAFA641004C39EE /* AlamofireClass.swift in Sources */ = {isa = PBXBuildFile; fileRef = 2B2E23F71FAFA641004C39EE /* AlamofireClass.swift */; };
		2B34FFEF1FAAA9B300CB45EB /* DetailsViewController.swift in Sources */ = {isa = PBXBuildFile; fileRef = 2B34FFEE1FAAA9B300CB45EB /* DetailsViewController.swift */; };
		2B5132911F9D3A91006D74D0 /* Default-568h@2x.png in Resources */ = {isa = PBXBuildFile; fileRef = 2B5132901F9D3A91006D74D0 /* Default-568h@2x.png */; };
		2BD76BBB1F8C322B0060FE86 /* AppDelegate.swift in Sources */ = {isa = PBXBuildFile; fileRef = 2BD76BBA1F8C322B0060FE86 /* AppDelegate.swift */; };
		2BD76BBD1F8C322B0060FE86 /* ViewController.swift in Sources */ = {isa = PBXBuildFile; fileRef = 2BD76BBC1F8C322B0060FE86 /* ViewController.swift */; };
		2BD76BC01F8C322B0060FE86 /* Main.storyboard in Resources */ = {isa = PBXBuildFile; fileRef = 2BD76BBE1F8C322B0060FE86 /* Main.storyboard */; };
		2BD76BC21F8C322B0060FE86 /* Assets.xcassets in Resources */ = {isa = PBXBuildFile; fileRef = 2BD76BC11F8C322B0060FE86 /* Assets.xcassets */; };
		2BD76BC51F8C322B0060FE86 /* LaunchScreen.storyboard in Resources */ = {isa = PBXBuildFile; fileRef = 2BD76BC31F8C322B0060FE86 /* LaunchScreen.storyboard */; };
		2BD76BE91F8C3A7F0060FE86 /* movieCollectionCell.swift in Sources */ = {isa = PBXBuildFile; fileRef = 2BD76BE81F8C3A7F0060FE86 /* movieCollectionCell.swift */; };
		2BDBA2DF1FA8FB440079F0EE /* Movie.swift in Sources */ = {isa = PBXBuildFile; fileRef = 2BDBA2DE1FA8FB440079F0EE /* Movie.swift */; };
		2BEE876B1FDC382000955D77 /* ReviewsTableViewCell.swift in Sources */ = {isa = PBXBuildFile; fileRef = 2BEE876A1FDC382000955D77 /* ReviewsTableViewCell.swift */; };
		2BEE876D1FDC496200955D77 /* Review.swift in Sources */ = {isa = PBXBuildFile; fileRef = 2BEE876C1FDC496200955D77 /* Review.swift */; };
		700DF5A12BADC23C6D6D0F39 /* Pods_MovieApp.framework in Frameworks */ = {isa = PBXBuildFile; fileRef = ED30CF71E09874E638D5355A /* Pods_MovieApp.framework */; };
		B31D894B1FE7E39E00AD85BE /* Info.plist in Resources */ = {isa = PBXBuildFile; fileRef = 2BD76BC61F8C322B0060FE86 /* Info.plist */; };
/* End PBXBuildFile section */

/* Begin PBXFileReference section */
		1E9EF039F4C20C0FB9F3AFAA /* Pods-MovieAppTests.debug.xcconfig */ = {isa = PBXFileReference; includeInIndex = 1; lastKnownFileType = text.xcconfig; name = "Pods-MovieAppTests.debug.xcconfig"; path = "Pods/Target Support Files/Pods-MovieAppTests/Pods-MovieAppTests.debug.xcconfig"; sourceTree = "<group>"; };
		25C129048504FA11FCDCDB31 /* Pods_MovieAppUITests.framework */ = {isa = PBXFileReference; explicitFileType = wrapper.framework; includeInIndex = 0; path = Pods_MovieAppUITests.framework; sourceTree = BUILT_PRODUCTS_DIR; };
		2B2E23F71FAFA641004C39EE /* AlamofireClass.swift */ = {isa = PBXFileReference; fileEncoding = 4; lastKnownFileType = sourcecode.swift; path = AlamofireClass.swift; sourceTree = "<group>"; };
		2B34FFEE1FAAA9B300CB45EB /* DetailsViewController.swift */ = {isa = PBXFileReference; fileEncoding = 4; lastKnownFileType = sourcecode.swift; path = DetailsViewController.swift; sourceTree = "<group>"; };
		2B5132901F9D3A91006D74D0 /* Default-568h@2x.png */ = {isa = PBXFileReference; lastKnownFileType = image.png; path = "Default-568h@2x.png"; sourceTree = "<group>"; };
		2BD76BB71F8C322B0060FE86 /* MovieApp.app */ = {isa = PBXFileReference; explicitFileType = wrapper.application; includeInIndex = 0; path = MovieApp.app; sourceTree = BUILT_PRODUCTS_DIR; };
		2BD76BBA1F8C322B0060FE86 /* AppDelegate.swift */ = {isa = PBXFileReference; lastKnownFileType = sourcecode.swift; path = AppDelegate.swift; sourceTree = "<group>"; };
		2BD76BBC1F8C322B0060FE86 /* ViewController.swift */ = {isa = PBXFileReference; lastKnownFileType = sourcecode.swift; path = ViewController.swift; sourceTree = "<group>"; };
		2BD76BBF1F8C322B0060FE86 /* Base */ = {isa = PBXFileReference; lastKnownFileType = file.storyboard; name = Base; path = Base.lproj/Main.storyboard; sourceTree = "<group>"; };
		2BD76BC11F8C322B0060FE86 /* Assets.xcassets */ = {isa = PBXFileReference; lastKnownFileType = folder.assetcatalog; path = Assets.xcassets; sourceTree = "<group>"; };
		2BD76BC41F8C322B0060FE86 /* Base */ = {isa = PBXFileReference; lastKnownFileType = file.storyboard; name = Base; path = Base.lproj/LaunchScreen.storyboard; sourceTree = "<group>"; };
		2BD76BC61F8C322B0060FE86 /* Info.plist */ = {isa = PBXFileReference; lastKnownFileType = text.plist.xml; path = Info.plist; sourceTree = "<group>"; };
		2BD76BE81F8C3A7F0060FE86 /* movieCollectionCell.swift */ = {isa = PBXFileReference; fileEncoding = 4; lastKnownFileType = sourcecode.swift; path = movieCollectionCell.swift; sourceTree = "<group>"; };
		2BDBA2DE1FA8FB440079F0EE /* Movie.swift */ = {isa = PBXFileReference; fileEncoding = 4; lastKnownFileType = sourcecode.swift; path = Movie.swift; sourceTree = "<group>"; };
		2BEE876A1FDC382000955D77 /* ReviewsTableViewCell.swift */ = {isa = PBXFileReference; fileEncoding = 4; lastKnownFileType = sourcecode.swift; path = ReviewsTableViewCell.swift; sourceTree = "<group>"; };
		2BEE876C1FDC496200955D77 /* Review.swift */ = {isa = PBXFileReference; fileEncoding = 4; lastKnownFileType = sourcecode.swift; path = Review.swift; sourceTree = "<group>"; };
		31505DE9C8F2E8E7873978F8 /* Pods_MovieAppTests.framework */ = {isa = PBXFileReference; explicitFileType = wrapper.framework; includeInIndex = 0; path = Pods_MovieAppTests.framework; sourceTree = BUILT_PRODUCTS_DIR; };
		5D6A1D0DA7A222E9FDD55B74 /* Pods_Mycollection.framework */ = {isa = PBXFileReference; explicitFileType = wrapper.framework; includeInIndex = 0; path = Pods_Mycollection.framework; sourceTree = BUILT_PRODUCTS_DIR; };
		62C961B3EA2D801649C7B8EB /* Pods-MycollectionUITests.release.xcconfig */ = {isa = PBXFileReference; includeInIndex = 1; lastKnownFileType = text.xcconfig; name = "Pods-MycollectionUITests.release.xcconfig"; path = "Pods/Target Support Files/Pods-MycollectionUITests/Pods-MycollectionUITests.release.xcconfig"; sourceTree = "<group>"; };
		7D385B1CE8B187F9AAD6EA4D /* Pods-MovieAppTests.release.xcconfig */ = {isa = PBXFileReference; includeInIndex = 1; lastKnownFileType = text.xcconfig; name = "Pods-MovieAppTests.release.xcconfig"; path = "Pods/Target Support Files/Pods-MovieAppTests/Pods-MovieAppTests.release.xcconfig"; sourceTree = "<group>"; };
		807815DF7CB880D9EC397A2D /* Pods_MycollectionTests.framework */ = {isa = PBXFileReference; explicitFileType = wrapper.framework; includeInIndex = 0; path = Pods_MycollectionTests.framework; sourceTree = BUILT_PRODUCTS_DIR; };
		88DDD425196AC2F91B62CFC3 /* Pods_MycollectionUITests.framework */ = {isa = PBXFileReference; explicitFileType = wrapper.framework; includeInIndex = 0; path = Pods_MycollectionUITests.framework; sourceTree = BUILT_PRODUCTS_DIR; };
		8947750B342EEF4F6A7017DE /* Pods-Mycollection.release.xcconfig */ = {isa = PBXFileReference; includeInIndex = 1; lastKnownFileType = text.xcconfig; name = "Pods-Mycollection.release.xcconfig"; path = "Pods/Target Support Files/Pods-Mycollection/Pods-Mycollection.release.xcconfig"; sourceTree = "<group>"; };
		97B7AFD98455FBE35F6EA679 /* Pods-MovieAppUITests.debug.xcconfig */ = {isa = PBXFileReference; includeInIndex = 1; lastKnownFileType = text.xcconfig; name = "Pods-MovieAppUITests.debug.xcconfig"; path = "Pods/Target Support Files/Pods-MovieAppUITests/Pods-MovieAppUITests.debug.xcconfig"; sourceTree = "<group>"; };
		A9162A2D9783DF7D232EE55D /* Pods-Mycollection.debug.xcconfig */ = {isa = PBXFileReference; includeInIndex = 1; lastKnownFileType = text.xcconfig; name = "Pods-Mycollection.debug.xcconfig"; path = "Pods/Target Support Files/Pods-Mycollection/Pods-Mycollection.debug.xcconfig"; sourceTree = "<group>"; };
		C0FA53FDB1E826DA7EB03CD9 /* Pods-MovieApp.debug.xcconfig */ = {isa = PBXFileReference; includeInIndex = 1; lastKnownFileType = text.xcconfig; name = "Pods-MovieApp.debug.xcconfig"; path = "Pods/Target Support Files/Pods-MovieApp/Pods-MovieApp.debug.xcconfig"; sourceTree = "<group>"; };
		D062E6D7EAA07FA3415B4623 /* Pods-MovieAppUITests.release.xcconfig */ = {isa = PBXFileReference; includeInIndex = 1; lastKnownFileType = text.xcconfig; name = "Pods-MovieAppUITests.release.xcconfig"; path = "Pods/Target Support Files/Pods-MovieAppUITests/Pods-MovieAppUITests.release.xcconfig"; sourceTree = "<group>"; };
		DC5764732AACC9F7A87DD3C6 /* Pods-MovieApp.release.xcconfig */ = {isa = PBXFileReference; includeInIndex = 1; lastKnownFileType = text.xcconfig; name = "Pods-MovieApp.release.xcconfig"; path = "Pods/Target Support Files/Pods-MovieApp/Pods-MovieApp.release.xcconfig"; sourceTree = "<group>"; };
		E0DB35D1DFD51A85861FDDC5 /* Pods-MycollectionTests.debug.xcconfig */ = {isa = PBXFileReference; includeInIndex = 1; lastKnownFileType = text.xcconfig; name = "Pods-MycollectionTests.debug.xcconfig"; path = "Pods/Target Support Files/Pods-MycollectionTests/Pods-MycollectionTests.debug.xcconfig"; sourceTree = "<group>"; };
		ED30CF71E09874E638D5355A /* Pods_MovieApp.framework */ = {isa = PBXFileReference; explicitFileType = wrapper.framework; includeInIndex = 0; path = Pods_MovieApp.framework; sourceTree = BUILT_PRODUCTS_DIR; };
		F3BF253FA04FC368223231D1 /* Pods-MycollectionTests.release.xcconfig */ = {isa = PBXFileReference; includeInIndex = 1; lastKnownFileType = text.xcconfig; name = "Pods-MycollectionTests.release.xcconfig"; path = "Pods/Target Support Files/Pods-MycollectionTests/Pods-MycollectionTests.release.xcconfig"; sourceTree = "<group>"; };
		F787F3BDCB502D832CF2872C /* Pods-MycollectionUITests.debug.xcconfig */ = {isa = PBXFileReference; includeInIndex = 1; lastKnownFileType = text.xcconfig; name = "Pods-MycollectionUITests.debug.xcconfig"; path = "Pods/Target Support Files/Pods-MycollectionUITests/Pods-MycollectionUITests.debug.xcconfig"; sourceTree = "<group>"; };
/* End PBXFileReference section */

/* Begin PBXFrameworksBuildPhase section */
		2BD76BB41F8C322B0060FE86 /* Frameworks */ = {
			isa = PBXFrameworksBuildPhase;
			buildActionMask = 2147483647;
			files = (
				700DF5A12BADC23C6D6D0F39 /* Pods_MovieApp.framework in Frameworks */,
			);
			runOnlyForDeploymentPostprocessing = 0;
		};
/* End PBXFrameworksBuildPhase section */

/* Begin PBXGroup section */
		2BD76BAE1F8C322B0060FE86 = {
			isa = PBXGroup;
			children = (
				2B5132901F9D3A91006D74D0 /* Default-568h@2x.png */,
				2BD76BB91F8C322B0060FE86 /* MovieApp */,
				2BD76BB81F8C322B0060FE86 /* Products */,
				3A2F3B57DDE06D83A359A8AF /* Pods */,
				63B178CD7BC3E0C5E321DC67 /* Frameworks */,
			);
			sourceTree = "<group>";
		};
		2BD76BB81F8C322B0060FE86 /* Products */ = {
			isa = PBXGroup;
			children = (
				2BD76BB71F8C322B0060FE86 /* MovieApp.app */,
			);
			name = Products;
			sourceTree = "<group>";
		};
		2BD76BB91F8C322B0060FE86 /* MovieApp */ = {
			isa = PBXGroup;
			children = (
				2BD76BBA1F8C322B0060FE86 /* AppDelegate.swift */,
				2BD76BBC1F8C322B0060FE86 /* ViewController.swift */,
				2BD76BBE1F8C322B0060FE86 /* Main.storyboard */,
				2BD76BC11F8C322B0060FE86 /* Assets.xcassets */,
				2BD76BC31F8C322B0060FE86 /* LaunchScreen.storyboard */,
				2BD76BC61F8C322B0060FE86 /* Info.plist */,
				2BD76BE81F8C3A7F0060FE86 /* movieCollectionCell.swift */,
				2BDBA2DE1FA8FB440079F0EE /* Movie.swift */,
				2B34FFEE1FAAA9B300CB45EB /* DetailsViewController.swift */,
				2B2E23F71FAFA641004C39EE /* AlamofireClass.swift */,
				2BEE876A1FDC382000955D77 /* ReviewsTableViewCell.swift */,
				2BEE876C1FDC496200955D77 /* Review.swift */,
			);
			path = MovieApp;
			sourceTree = "<group>";
		};
		3A2F3B57DDE06D83A359A8AF /* Pods */ = {
			isa = PBXGroup;
			children = (
				A9162A2D9783DF7D232EE55D /* Pods-Mycollection.debug.xcconfig */,
				8947750B342EEF4F6A7017DE /* Pods-Mycollection.release.xcconfig */,
				E0DB35D1DFD51A85861FDDC5 /* Pods-MycollectionTests.debug.xcconfig */,
				F3BF253FA04FC368223231D1 /* Pods-MycollectionTests.release.xcconfig */,
				F787F3BDCB502D832CF2872C /* Pods-MycollectionUITests.debug.xcconfig */,
				62C961B3EA2D801649C7B8EB /* Pods-MycollectionUITests.release.xcconfig */,
				C0FA53FDB1E826DA7EB03CD9 /* Pods-MovieApp.debug.xcconfig */,
				DC5764732AACC9F7A87DD3C6 /* Pods-MovieApp.release.xcconfig */,
				1E9EF039F4C20C0FB9F3AFAA /* Pods-MovieAppTests.debug.xcconfig */,
				7D385B1CE8B187F9AAD6EA4D /* Pods-MovieAppTests.release.xcconfig */,
				97B7AFD98455FBE35F6EA679 /* Pods-MovieAppUITests.debug.xcconfig */,
				D062E6D7EAA07FA3415B4623 /* Pods-MovieAppUITests.release.xcconfig */,
			);
			name = Pods;
			sourceTree = "<group>";
		};
		63B178CD7BC3E0C5E321DC67 /* Frameworks */ = {
			isa = PBXGroup;
			children = (
				5D6A1D0DA7A222E9FDD55B74 /* Pods_Mycollection.framework */,
				807815DF7CB880D9EC397A2D /* Pods_MycollectionTests.framework */,
				88DDD425196AC2F91B62CFC3 /* Pods_MycollectionUITests.framework */,
				ED30CF71E09874E638D5355A /* Pods_MovieApp.framework */,
				31505DE9C8F2E8E7873978F8 /* Pods_MovieAppTests.framework */,
				25C129048504FA11FCDCDB31 /* Pods_MovieAppUITests.framework */,
			);
			name = Frameworks;
			sourceTree = "<group>";
		};
/* End PBXGroup section */

/* Begin PBXNativeTarget section */
		2BD76BB61F8C322B0060FE86 /* MovieApp */ = {
			isa = PBXNativeTarget;
			buildConfigurationList = 2BD76BDF1F8C322D0060FE86 /* Build configuration list for PBXNativeTarget "MovieApp" */;
			buildPhases = (
				83B5BF5134F3C7780888BBB3 /* [CP] Check Pods Manifest.lock */,
				2BD76BB31F8C322B0060FE86 /* Sources */,
				2BD76BB41F8C322B0060FE86 /* Frameworks */,
				2BD76BB51F8C322B0060FE86 /* Resources */,
				B488259DF8F51BD327F05EFE /* [CP] Embed Pods Frameworks */,
				655A6257C008817581332A52 /* [CP] Copy Pods Resources */,
			);
			buildRules = (
			);
			dependencies = (
			);
			name = MovieApp;
			productName = Mycollection;
			productReference = 2BD76BB71F8C322B0060FE86 /* MovieApp.app */;
			productType = "com.apple.product-type.application";
		};
/* End PBXNativeTarget section */

/* Begin PBXProject section */
		2BD76BAF1F8C322B0060FE86 /* Project object */ = {
			isa = PBXProject;
			attributes = {
				LastSwiftUpdateCheck = 0830;
				LastUpgradeCheck = 0830;
				ORGANIZATIONNAME = Doaa;
				TargetAttributes = {
					2BD76BB61F8C322B0060FE86 = {
						CreatedOnToolsVersion = 8.3.3;
						ProvisioningStyle = Manual;
					};
				};
			};
			buildConfigurationList = 2BD76BB21F8C322B0060FE86 /* Build configuration list for PBXProject "MovieApp" */;
			compatibilityVersion = "Xcode 3.2";
			developmentRegion = English;
			hasScannedForEncodings = 0;
			knownRegions = (
				en,
				Base,
			);
			mainGroup = 2BD76BAE1F8C322B0060FE86;
			productRefGroup = 2BD76BB81F8C322B0060FE86 /* Products */;
			projectDirPath = "";
			projectRoot = "";
			targets = (
				2BD76BB61F8C322B0060FE86 /* MovieApp */,
			);
		};
/* End PBXProject section */

/* Begin PBXResourcesBuildPhase section */
		2BD76BB51F8C322B0060FE86 /* Resources */ = {
			isa = PBXResourcesBuildPhase;
			buildActionMask = 2147483647;
			files = (
				2BD76BC51F8C322B0060FE86 /* LaunchScreen.storyboard in Resources */,
				2B5132911F9D3A91006D74D0 /* Default-568h@2x.png in Resources */,
				2BD76BC21F8C322B0060FE86 /* Assets.xcassets in Resources */,
				B31D894B1FE7E39E00AD85BE /* Info.plist in Resources */,
				2BD76BC01F8C322B0060FE86 /* Main.storyboard in Resources */,
			);
			runOnlyForDeploymentPostprocessing = 0;
		};
/* End PBXResourcesBuildPhase section */

/* Begin PBXShellScriptBuildPhase section */
		655A6257C008817581332A52 /* [CP] Copy Pods Resources */ = {
			isa = PBXShellScriptBuildPhase;
			buildActionMask = 2147483647;
			files = (
			);
			inputPaths = (
			);
			name = "[CP] Copy Pods Resources";
			outputPaths = (
			);
			runOnlyForDeploymentPostprocessing = 0;
			shellPath = /bin/sh;
			shellScript = "\"${SRCROOT}/Pods/Target Support Files/Pods-MovieApp/Pods-MovieApp-resources.sh\"\n";
			showEnvVarsInLog = 0;
		};
		83B5BF5134F3C7780888BBB3 /* [CP] Check Pods Manifest.lock */ = {
			isa = PBXShellScriptBuildPhase;
			buildActionMask = 2147483647;
			files = (
			);
			inputPaths = (
				"${PODS_PODFILE_DIR_PATH}/Podfile.lock",
				"${PODS_ROOT}/Manifest.lock",
			);
			name = "[CP] Check Pods Manifest.lock";
			outputPaths = (
				"$(DERIVED_FILE_DIR)/Pods-MovieApp-checkManifestLockResult.txt",
			);
			runOnlyForDeploymentPostprocessing = 0;
			shellPath = /bin/sh;
			shellScript = "diff \"${PODS_PODFILE_DIR_PATH}/Podfile.lock\" \"${PODS_ROOT}/Manifest.lock\" > /dev/null\nif [ $? != 0 ] ; then\n    # print error to STDERR\n    echo \"error: The sandbox is not in sync with the Podfile.lock. Run 'pod install' or update your CocoaPods installation.\" >&2\n    exit 1\nfi\n# This output is used by Xcode 'outputs' to avoid re-running this script phase.\necho \"SUCCESS\" > \"${SCRIPT_OUTPUT_FILE_0}\"\n";
			showEnvVarsInLog = 0;
		};
		B488259DF8F51BD327F05EFE /* [CP] Embed Pods Frameworks */ = {
			isa = PBXShellScriptBuildPhase;
			buildActionMask = 2147483647;
			files = (
			);
			inputPaths = (
				"${SRCROOT}/Pods/Target Support Files/Pods-MovieApp/Pods-MovieApp-frameworks.sh",
				"${BUILT_PRODUCTS_DIR}/Alamofire/Alamofire.framework",
				"${BUILT_PRODUCTS_DIR}/AlamofireImage/AlamofireImage.framework",
				"${BUILT_PRODUCTS_DIR}/ObjectMapper/ObjectMapper.framework",
			);
			name = "[CP] Embed Pods Frameworks";
			outputPaths = (
				"${TARGET_BUILD_DIR}/${FRAMEWORKS_FOLDER_PATH}/Alamofire.framework",
				"${TARGET_BUILD_DIR}/${FRAMEWORKS_FOLDER_PATH}/AlamofireImage.framework",
				"${TARGET_BUILD_DIR}/${FRAMEWORKS_FOLDER_PATH}/ObjectMapper.framework",
			);
			runOnlyForDeploymentPostprocessing = 0;
			shellPath = /bin/sh;
			shellScript = "\"${SRCROOT}/Pods/Target Support Files/Pods-MovieApp/Pods-MovieApp-frameworks.sh\"\n";
			showEnvVarsInLog = 0;
		};
/* End PBXShellScriptBuildPhase section */

/* Begin PBXSourcesBuildPhase section */
		2BD76BB31F8C322B0060FE86 /* Sources */ = {
			isa = PBXSourcesBuildPhase;
			buildActionMask = 2147483647;
			files = (
				2BD76BE91F8C3A7F0060FE86 /* movieCollectionCell.swift in Sources */,
				2BEE876B1FDC382000955D77 /* ReviewsTableViewCell.swift in Sources */,
				2B2E23F81FAFA641004C39EE /* AlamofireClass.swift in Sources */,
				2BDBA2DF1FA8FB440079F0EE /* Movie.swift in Sources */,
				2BEE876D1FDC496200955D77 /* Review.swift in Sources */,
				2BD76BBD1F8C322B0060FE86 /* ViewController.swift in Sources */,
				2B34FFEF1FAAA9B300CB45EB /* DetailsViewController.swift in Sources */,
				2BD76BBB1F8C322B0060FE86 /* AppDelegate.swift in Sources */,
			);
			runOnlyForDeploymentPostprocessing = 0;
		};
/* End PBXSourcesBuildPhase section */

/* Begin PBXVariantGroup section */
		2BD76BBE1F8C322B0060FE86 /* Main.storyboard */ = {
			isa = PBXVariantGroup;
			children = (
				2BD76BBF1F8C322B0060FE86 /* Base */,
			);
			name = Main.storyboard;
			sourceTree = "<group>";
		};
		2BD76BC31F8C322B0060FE86 /* LaunchScreen.storyboard */ = {
			isa = PBXVariantGroup;
			children = (
				2BD76BC41F8C322B0060FE86 /* Base */,
			);
			name = LaunchScreen.storyboard;
			sourceTree = "<group>";
		};
/* End PBXVariantGroup section */

/* Begin XCBuildConfiguration section */
		2BD76BDD1F8C322D0060FE86 /* Debug */ = {
			isa = XCBuildConfiguration;
			buildSettings = {
				ALWAYS_SEARCH_USER_PATHS = NO;
				CLANG_ANALYZER_NONNULL = YES;
				CLANG_ANALYZER_NUMBER_OBJECT_CONVERSION = YES_AGGRESSIVE;
				CLANG_CXX_LANGUAGE_STANDARD = "gnu++0x";
				CLANG_CXX_LIBRARY = "libc++";
				CLANG_ENABLE_MODULES = YES;
				CLANG_ENABLE_OBJC_ARC = YES;
				CLANG_WARN_BOOL_CONVERSION = YES;
				CLANG_WARN_CONSTANT_CONVERSION = YES;
				CLANG_WARN_DIRECT_OBJC_ISA_USAGE = YES_ERROR;
				CLANG_WARN_DOCUMENTATION_COMMENTS = YES;
				CLANG_WARN_EMPTY_BODY = YES;
				CLANG_WARN_ENUM_CONVERSION = YES;
				CLANG_WARN_INFINITE_RECURSION = YES;
				CLANG_WARN_INT_CONVERSION = YES;
				CLANG_WARN_OBJC_ROOT_CLASS = YES_ERROR;
				CLANG_WARN_SUSPICIOUS_MOVE = YES;
				CLANG_WARN_UNREACHABLE_CODE = YES;
				CLANG_WARN__DUPLICATE_METHOD_MATCH = YES;
				"CODE_SIGN_IDENTITY[sdk=iphoneos*]" = "iPhone Developer";
				COPY_PHASE_STRIP = NO;
				DEBUG_INFORMATION_FORMAT = dwarf;
				ENABLE_STRICT_OBJC_MSGSEND = YES;
				ENABLE_TESTABILITY = YES;
				GCC_C_LANGUAGE_STANDARD = gnu99;
				GCC_DYNAMIC_NO_PIC = NO;
				GCC_NO_COMMON_BLOCKS = YES;
				GCC_OPTIMIZATION_LEVEL = 0;
				GCC_PREPROCESSOR_DEFINITIONS = (
					"DEBUG=1",
					"$(inherited)",
				);
				GCC_WARN_64_TO_32_BIT_CONVERSION = YES;
				GCC_WARN_ABOUT_RETURN_TYPE = YES_ERROR;
				GCC_WARN_UNDECLARED_SELECTOR = YES;
				GCC_WARN_UNINITIALIZED_AUTOS = YES_AGGRESSIVE;
				GCC_WARN_UNUSED_FUNCTION = YES;
				GCC_WARN_UNUSED_VARIABLE = YES;
				IPHONEOS_DEPLOYMENT_TARGET = 10.3;
				MTL_ENABLE_DEBUG_INFO = YES;
				ONLY_ACTIVE_ARCH = YES;
				SDKROOT = iphoneos;
				SWIFT_ACTIVE_COMPILATION_CONDITIONS = DEBUG;
				SWIFT_OPTIMIZATION_LEVEL = "-Onone";
				TARGETED_DEVICE_FAMILY = "1,2";
			};
			name = Debug;
		};
		2BD76BDE1F8C322D0060FE86 /* Release */ = {
			isa = XCBuildConfiguration;
			buildSettings = {
				ALWAYS_SEARCH_USER_PATHS = NO;
				CLANG_ANALYZER_NONNULL = YES;
				CLANG_ANALYZER_NUMBER_OBJECT_CONVERSION = YES_AGGRESSIVE;
				CLANG_CXX_LANGUAGE_STANDARD = "gnu++0x";
				CLANG_CXX_LIBRARY = "libc++";
				CLANG_ENABLE_MODULES = YES;
				CLANG_ENABLE_OBJC_ARC = YES;
				CLANG_WARN_BOOL_CONVERSION = YES;
				CLANG_WARN_CONSTANT_CONVERSION = YES;
				CLANG_WARN_DIRECT_OBJC_ISA_USAGE = YES_ERROR;
				CLANG_WARN_DOCUMENTATION_COMMENTS = YES;
				CLANG_WARN_EMPTY_BODY = YES;
				CLANG_WARN_ENUM_CONVERSION = YES;
				CLANG_WARN_INFINITE_RECURSION = YES;
				CLANG_WARN_INT_CONVERSION = YES;
				CLANG_WARN_OBJC_ROOT_CLASS = YES_ERROR;
				CLANG_WARN_SUSPICIOUS_MOVE = YES;
				CLANG_WARN_UNREACHABLE_CODE = YES;
				CLANG_WARN__DUPLICATE_METHOD_MATCH = YES;
				"CODE_SIGN_IDENTITY[sdk=iphoneos*]" = "iPhone Developer";
				COPY_PHASE_STRIP = NO;
				DEBUG_INFORMATION_FORMAT = "dwarf-with-dsym";
				ENABLE_NS_ASSERTIONS = NO;
				ENABLE_STRICT_OBJC_MSGSEND = YES;
				GCC_C_LANGUAGE_STANDARD = gnu99;
				GCC_NO_COMMON_BLOCKS = YES;
				GCC_WARN_64_TO_32_BIT_CONVERSION = YES;
				GCC_WARN_ABOUT_RETURN_TYPE = YES_ERROR;
				GCC_WARN_UNDECLARED_SELECTOR = YES;
				GCC_WARN_UNINITIALIZED_AUTOS = YES_AGGRESSIVE;
				GCC_WARN_UNUSED_FUNCTION = YES;
				GCC_WARN_UNUSED_VARIABLE = YES;
				IPHONEOS_DEPLOYMENT_TARGET = 10.3;
				MTL_ENABLE_DEBUG_INFO = NO;
				SDKROOT = iphoneos;
				SWIFT_OPTIMIZATION_LEVEL = "-Owholemodule";
				TARGETED_DEVICE_FAMILY = "1,2";
				VALIDATE_PRODUCT = YES;
			};
			name = Release;
		};
		2BD76BE01F8C322D0060FE86 /* Debug */ = {
			isa = XCBuildConfiguration;
			baseConfigurationReference = C0FA53FDB1E826DA7EB03CD9 /* Pods-MovieApp.debug.xcconfig */;
			buildSettings = {
				ASSETCATALOG_COMPILER_APPICON_NAME = AppIcon;
				CODE_SIGN_STYLE = Manual;
				DEVELOPMENT_TEAM = "";
				INFOPLIST_FILE = "$(SRCROOT)/MovieApp/Info.plist";
				LD_RUNPATH_SEARCH_PATHS = "$(inherited) @executable_path/Frameworks";
				PRODUCT_BUNDLE_IDENTIFIER = com.doaa.MovieApp;
				PRODUCT_NAME = "$(TARGET_NAME)";
				PROVISIONING_PROFILE_SPECIFIER = "";
				SWIFT_VERSION = 3.0;
			};
			name = Debug;
		};
		2BD76BE11F8C322D0060FE86 /* Release */ = {
			isa = XCBuildConfiguration;
			baseConfigurationReference = DC5764732AACC9F7A87DD3C6 /* Pods-MovieApp.release.xcconfig */;
			buildSettings = {
				ASSETCATALOG_COMPILER_APPICON_NAME = AppIcon;
				CODE_SIGN_STYLE = Manual;
				DEVELOPMENT_TEAM = "";
				INFOPLIST_FILE = "$(SRCROOT)/MovieApp/Info.plist";
				LD_RUNPATH_SEARCH_PATHS = "$(inherited) @executable_path/Frameworks";
				PRODUCT_BUNDLE_IDENTIFIER = com.doaa.MovieApp;
				PRODUCT_NAME = "$(TARGET_NAME)";
				PROVISIONING_PROFILE_SPECIFIER = "";
				SWIFT_VERSION = 3.0;
			};
			name = Release;
		};
/* End XCBuildConfiguration section */

/* Begin XCConfigurationList section */
		2BD76BB21F8C322B0060FE86 /* Build configuration list for PBXProject "MovieApp" */ = {
			isa = XCConfigurationList;
			buildConfigurations = (
				2BD76BDD1F8C322D0060FE86 /* Debug */,
				2BD76BDE1F8C322D0060FE86 /* Release */,
			);
			defaultConfigurationIsVisible = 0;
			defaultConfigurationName = Release;
		};
		2BD76BDF1F8C322D0060FE86 /* Build configuration list for PBXNativeTarget "MovieApp" */ = {
			isa = XCConfigurationList;
			buildConfigurations = (
				2BD76BE01F8C322D0060FE86 /* Debug */,
				2BD76BE11F8C322D0060FE86 /* Release */,
			);
			defaultConfigurationIsVisible = 0;
			defaultConfigurationName = Release;
		};
/* End XCConfigurationList section */
	};
	rootObject = 2BD76BAF1F8C322B0060FE86 /* Project object */;
}
